
Microsoft Visual Studio Solution File, Format Version 12.00
# Visual Studio Version 17
VisualStudioVersion = 17.5.002.0
MinimumVisualStudioVersion = 10.0.40219.1
Project("{9A19103F-16F7-4668-BE54-9A1E7A4F7556}") = "SystemTime", "SystemTime.csproj", "{77C6E049-326A-4679-99DE-3D9DD88084AF}"
EndProject
Global
	GlobalSection(SolutionConfigurationPlatforms) = preSolution
		Debug|Any CPU = Debug|Any CPU
		Release|Any CPU = Release|Any CPU
	EndGlobalSection
	GlobalSection(ProjectConfigurationPlatforms) = postSolution
		{77C6E049-326A-4679-99DE-3D9DD88084AF}.Debug|Any CPU.ActiveCfg = Debug|Any CPU
		{77C6E049-326A-4679-99DE-3D9DD88084AF}.Debug|Any CPU.Build.0 = Debug|Any CPU
		{77C6E049-326A-4679-99DE-3D9DD88084AF}.Release|Any CPU.ActiveCfg = Release|Any CPU
		{77C6E049-326A-4679-99DE-3D9DD88084AF}.Release|Any CPU.Build.0 = Release|Any CPU
	EndGlobalSection
	GlobalSection(SolutionProperties) = preSolution
		HideSolutionNode = FALSE
	EndGlobalSection
	GlobalSection(ExtensibilityGlobals) = postSolution
		SolutionGuid = {D5CC4D4C-283E-4871-BB6F-E0CBFC003898}
	EndGlobalSection
EndGlobal
